
Microsoft Visual Studio Solution File, Format Version 12.00
# Visual Studio Version 17
VisualStudioVersion = 17.6.33815.320
MinimumVisualStudioVersion = 10.0.40219.1
Project("{9A19103F-16F7-4668-BE54-9A1E7A4F7556}") = "Send", "Send\Send.csproj", "{8A093178-9FB4-469E-A2BE-6DAF615701BD}"
EndProject
Project("{9A19103F-16F7-4668-BE54-9A1E7A4F7556}") = "Receive", "Receive\Receive.csproj", "{FB595002-A7D1-4752-8DAE-6532473AA3B0}"
EndProject
Project("{2150E333-8FDC-42A3-9474-1A3956D46DE8}") = "HelloWorld", "HelloWorld", "{47D354A5-36FC-423E-8CCB-19677852401C}"
EndProject
Project("{2150E333-8FDC-42A3-9474-1A3956D46DE8}") = "WorkQueues", "WorkQueues", "{FF25AFA3-B8A7-48A5-905C-A6554CE3738F}"
EndProject
Project("{9A19103F-16F7-4668-BE54-9A1E7A4F7556}") = "NewTask", "NewTask\NewTask.csproj", "{2C2D4420-EF7F-44B2-9818-93A346E2E462}"
EndProject
Project("{9A19103F-16F7-4668-BE54-9A1E7A4F7556}") = "Worker", "Worker\Worker.csproj", "{4E123E13-71CA-4D65-A656-40009CD63C3B}"
EndProject
Project("{2150E333-8FDC-42A3-9474-1A3956D46DE8}") = "PublishSubscribe", "PublishSubscribe", "{850C9AC3-7710-4C1B-A62C-AAB24B38A8E0}"
EndProject
Project("{9A19103F-16F7-4668-BE54-9A1E7A4F7556}") = "EmitLogs", "EmitLogs\EmitLogs.csproj", "{720EF125-6C20-45A1-9AAA-635E385543C8}"
EndProject
Project("{9A19103F-16F7-4668-BE54-9A1E7A4F7556}") = "ReceiveLogs", "ReceiveLogs\ReceiveLogs.csproj", "{E72EB01D-BE1B-47E2-A8B7-93AD8293E26E}"
EndProject
Project("{2150E333-8FDC-42A3-9474-1A3956D46DE8}") = "Routing", "Routing", "{210F8090-D43C-47C5-9A0F-C9F07AF97EED}"
EndProject
Project("{9A19103F-16F7-4668-BE54-9A1E7A4F7556}") = "Emitter", "Emitter\Emitter.csproj", "{21DB7898-4C40-46D1-9B9C-01ED3605B5E9}"
EndProject
Project("{9A19103F-16F7-4668-BE54-9A1E7A4F7556}") = "Receiver", "Receiver\Receiver.csproj", "{FEFEFC35-DA87-4C25-9AE2-A6D11A7F7CF6}"
EndProject
Project("{2150E333-8FDC-42A3-9474-1A3956D46DE8}") = "Topics", "Topics", "{8D0846EB-9CDF-44FD-93DE-53984695AC8D}"
EndProject
Project("{FAE04EC0-301F-11D3-BF4B-00C04F79EFBC}") = "EmitLogsTopic", "EmitLogsTopic\EmitLogsTopic.csproj", "{59658160-406A-4744-9D3C-764E4295DCC8}"
EndProject
Project("{FAE04EC0-301F-11D3-BF4B-00C04F79EFBC}") = "ReceiveLogsTopic", "ReceiveLogsTopic\ReceiveLogsTopic.csproj", "{D1287931-FAAA-4534-AE6A-3D55EB969EDA}"
EndProject
Global
	GlobalSection(SolutionConfigurationPlatforms) = preSolution
		Debug|Any CPU = Debug|Any CPU
		Release|Any CPU = Release|Any CPU
	EndGlobalSection
	GlobalSection(ProjectConfigurationPlatforms) = postSolution
		{8A093178-9FB4-469E-A2BE-6DAF615701BD}.Debug|Any CPU.ActiveCfg = Debug|Any CPU
		{8A093178-9FB4-469E-A2BE-6DAF615701BD}.Debug|Any CPU.Build.0 = Debug|Any CPU
		{8A093178-9FB4-469E-A2BE-6DAF615701BD}.Release|Any CPU.ActiveCfg = Release|Any CPU
		{8A093178-9FB4-469E-A2BE-6DAF615701BD}.Release|Any CPU.Build.0 = Release|Any CPU
		{FB595002-A7D1-4752-8DAE-6532473AA3B0}.Debug|Any CPU.ActiveCfg = Debug|Any CPU
		{FB595002-A7D1-4752-8DAE-6532473AA3B0}.Debug|Any CPU.Build.0 = Debug|Any CPU
		{FB595002-A7D1-4752-8DAE-6532473AA3B0}.Release|Any CPU.ActiveCfg = Release|Any CPU
		{FB595002-A7D1-4752-8DAE-6532473AA3B0}.Release|Any CPU.Build.0 = Release|Any CPU
		{2C2D4420-EF7F-44B2-9818-93A346E2E462}.Debug|Any CPU.ActiveCfg = Debug|Any CPU
		{2C2D4420-EF7F-44B2-9818-93A346E2E462}.Debug|Any CPU.Build.0 = Debug|Any CPU
		{2C2D4420-EF7F-44B2-9818-93A346E2E462}.Release|Any CPU.ActiveCfg = Release|Any CPU
		{2C2D4420-EF7F-44B2-9818-93A346E2E462}.Release|Any CPU.Build.0 = Release|Any CPU
		{4E123E13-71CA-4D65-A656-40009CD63C3B}.Debug|Any CPU.ActiveCfg = Debug|Any CPU
		{4E123E13-71CA-4D65-A656-40009CD63C3B}.Debug|Any CPU.Build.0 = Debug|Any CPU
		{4E123E13-71CA-4D65-A656-40009CD63C3B}.Release|Any CPU.ActiveCfg = Release|Any CPU
		{4E123E13-71CA-4D65-A656-40009CD63C3B}.Release|Any CPU.Build.0 = Release|Any CPU
		{720EF125-6C20-45A1-9AAA-635E385543C8}.Debug|Any CPU.ActiveCfg = Debug|Any CPU
		{720EF125-6C20-45A1-9AAA-635E385543C8}.Debug|Any CPU.Build.0 = Debug|Any CPU
		{720EF125-6C20-45A1-9AAA-635E385543C8}.Release|Any CPU.ActiveCfg = Release|Any CPU
		{720EF125-6C20-45A1-9AAA-635E385543C8}.Release|Any CPU.Build.0 = Release|Any CPU
		{E72EB01D-BE1B-47E2-A8B7-93AD8293E26E}.Debug|Any CPU.ActiveCfg = Debug|Any CPU
		{E72EB01D-BE1B-47E2-A8B7-93AD8293E26E}.Debug|Any CPU.Build.0 = Debug|Any CPU
		{E72EB01D-BE1B-47E2-A8B7-93AD8293E26E}.Release|Any CPU.ActiveCfg = Release|Any CPU
		{E72EB01D-BE1B-47E2-A8B7-93AD8293E26E}.Release|Any CPU.Build.0 = Release|Any CPU
		{21DB7898-4C40-46D1-9B9C-01ED3605B5E9}.Debug|Any CPU.ActiveCfg = Debug|Any CPU
		{21DB7898-4C40-46D1-9B9C-01ED3605B5E9}.Debug|Any CPU.Build.0 = Debug|Any CPU
		{21DB7898-4C40-46D1-9B9C-01ED3605B5E9}.Release|Any CPU.ActiveCfg = Release|Any CPU
		{21DB7898-4C40-46D1-9B9C-01ED3605B5E9}.Release|Any CPU.Build.0 = Release|Any CPU
		{FEFEFC35-DA87-4C25-9AE2-A6D11A7F7CF6}.Debug|Any CPU.ActiveCfg = Debug|Any CPU
		{FEFEFC35-DA87-4C25-9AE2-A6D11A7F7CF6}.Debug|Any CPU.Build.0 = Debug|Any CPU
		{FEFEFC35-DA87-4C25-9AE2-A6D11A7F7CF6}.Release|Any CPU.ActiveCfg = Release|Any CPU
		{FEFEFC35-DA87-4C25-9AE2-A6D11A7F7CF6}.Release|Any CPU.Build.0 = Release|Any CPU
		{59658160-406A-4744-9D3C-764E4295DCC8}.Debug|Any CPU.ActiveCfg = Debug|Any CPU
		{59658160-406A-4744-9D3C-764E4295DCC8}.Debug|Any CPU.Build.0 = Debug|Any CPU
		{59658160-406A-4744-9D3C-764E4295DCC8}.Release|Any CPU.ActiveCfg = Release|Any CPU
		{59658160-406A-4744-9D3C-764E4295DCC8}.Release|Any CPU.Build.0 = Release|Any CPU
		{D1287931-FAAA-4534-AE6A-3D55EB969EDA}.Debug|Any CPU.ActiveCfg = Debug|Any CPU
		{D1287931-FAAA-4534-AE6A-3D55EB969EDA}.Debug|Any CPU.Build.0 = Debug|Any CPU
		{D1287931-FAAA-4534-AE6A-3D55EB969EDA}.Release|Any CPU.ActiveCfg = Release|Any CPU
		{D1287931-FAAA-4534-AE6A-3D55EB969EDA}.Release|Any CPU.Build.0 = Release|Any CPU
	EndGlobalSection
	GlobalSection(SolutionProperties) = preSolution
		HideSolutionNode = FALSE
	EndGlobalSection
	GlobalSection(NestedProjects) = preSolution
		{8A093178-9FB4-469E-A2BE-6DAF615701BD} = {47D354A5-36FC-423E-8CCB-19677852401C}
		{FB595002-A7D1-4752-8DAE-6532473AA3B0} = {47D354A5-36FC-423E-8CCB-19677852401C}
		{2C2D4420-EF7F-44B2-9818-93A346E2E462} = {FF25AFA3-B8A7-48A5-905C-A6554CE3738F}
		{4E123E13-71CA-4D65-A656-40009CD63C3B} = {FF25AFA3-B8A7-48A5-905C-A6554CE3738F}
		{720EF125-6C20-45A1-9AAA-635E385543C8} = {850C9AC3-7710-4C1B-A62C-AAB24B38A8E0}
		{E72EB01D-BE1B-47E2-A8B7-93AD8293E26E} = {850C9AC3-7710-4C1B-A62C-AAB24B38A8E0}
		{21DB7898-4C40-46D1-9B9C-01ED3605B5E9} = {210F8090-D43C-47C5-9A0F-C9F07AF97EED}
		{FEFEFC35-DA87-4C25-9AE2-A6D11A7F7CF6} = {210F8090-D43C-47C5-9A0F-C9F07AF97EED}
		{59658160-406A-4744-9D3C-764E4295DCC8} = {8D0846EB-9CDF-44FD-93DE-53984695AC8D}
		{D1287931-FAAA-4534-AE6A-3D55EB969EDA} = {8D0846EB-9CDF-44FD-93DE-53984695AC8D}
	EndGlobalSection
	GlobalSection(ExtensibilityGlobals) = postSolution
		SolutionGuid = {B3AED907-7B68-45AB-8519-B65EA6F69BB0}
	EndGlobalSection
EndGlobal
