
Microsoft Visual Studio Solution File, Format Version 12.00
# Visual Studio Version 16
VisualStudioVersion = 16.0.30114.105
MinimumVisualStudioVersion = 10.0.40219.1
Project("{2150E333-8FDC-42A3-9474-1A3956D46DE8}") = "FrontEnd", "FrontEnd", "{F9B64891-5410-447B-8866-FA7850EA9C4F}"
EndProject
Project("{FAE04EC0-301F-11D3-BF4B-00C04F79EFBC}") = "Account", "FrontEnd\Account\Account.csproj", "{FCEBB4E2-4A8B-414B-ACC3-E86A0EAA9890}"
EndProject
Global
	GlobalSection(SolutionConfigurationPlatforms) = preSolution
		Debug|Any CPU = Debug|Any CPU
		Release|Any CPU = Release|Any CPU
	EndGlobalSection
	GlobalSection(SolutionProperties) = preSolution
		HideSolutionNode = FALSE
	EndGlobalSection
	GlobalSection(ProjectConfigurationPlatforms) = postSolution
		{FCEBB4E2-4A8B-414B-ACC3-E86A0EAA9890}.Debug|Any CPU.ActiveCfg = Debug|Any CPU
		{FCEBB4E2-4A8B-414B-ACC3-E86A0EAA9890}.Debug|Any CPU.Build.0 = Debug|Any CPU
		{FCEBB4E2-4A8B-414B-ACC3-E86A0EAA9890}.Release|Any CPU.ActiveCfg = Release|Any CPU
		{FCEBB4E2-4A8B-414B-ACC3-E86A0EAA9890}.Release|Any CPU.Build.0 = Release|Any CPU
	EndGlobalSection
	GlobalSection(NestedProjects) = preSolution
		{FCEBB4E2-4A8B-414B-ACC3-E86A0EAA9890} = {F9B64891-5410-447B-8866-FA7850EA9C4F}
	EndGlobalSection
EndGlobal
