
Microsoft Visual Studio Solution File, Format Version 12.00
# Visual Studio Version 16
VisualStudioVersion = 16.0.31605.320
MinimumVisualStudioVersion = 10.0.40219.1
Project("{FAE04EC0-301F-11D3-BF4B-00C04F79EFBC}") = "LearnRedis", "LearnRedis.csproj", "{99FE1AD1-E6F2-4161-84A7-7E5AF9F02C0C}"
EndProject
Global
	GlobalSection(SolutionConfigurationPlatforms) = preSolution
		Debug|Any CPU = Debug|Any CPU
		Release|Any CPU = Release|Any CPU
	EndGlobalSection
	GlobalSection(ProjectConfigurationPlatforms) = postSolution
		{99FE1AD1-E6F2-4161-84A7-7E5AF9F02C0C}.Debug|Any CPU.ActiveCfg = Debug|Any CPU
		{99FE1AD1-E6F2-4161-84A7-7E5AF9F02C0C}.Debug|Any CPU.Build.0 = Debug|Any CPU
		{99FE1AD1-E6F2-4161-84A7-7E5AF9F02C0C}.Release|Any CPU.ActiveCfg = Release|Any CPU
		{99FE1AD1-E6F2-4161-84A7-7E5AF9F02C0C}.Release|Any CPU.Build.0 = Release|Any CPU
	EndGlobalSection
	GlobalSection(SolutionProperties) = preSolution
		HideSolutionNode = FALSE
	EndGlobalSection
	GlobalSection(ExtensibilityGlobals) = postSolution
		SolutionGuid = {52091E66-E1FF-4351-8D79-43575FCD71B9}
	EndGlobalSection
EndGlobal
