
Microsoft Visual Studio Solution File, Format Version 12.00
# Visual Studio Version 16
VisualStudioVersion = 16.0.31605.320
MinimumVisualStudioVersion = 10.0.40219.1
Project("{9A19103F-16F7-4668-BE54-9A1E7A4F7556}") = "ExchangeRate", "ExchangeRate.csproj", "{74F2F6C5-B749-4850-83B4-E4B94A720381}"
EndProject
Global
	GlobalSection(SolutionConfigurationPlatforms) = preSolution
		Debug|Any CPU = Debug|Any CPU
		Release|Any CPU = Release|Any CPU
	EndGlobalSection
	GlobalSection(ProjectConfigurationPlatforms) = postSolution
		{74F2F6C5-B749-4850-83B4-E4B94A720381}.Debug|Any CPU.ActiveCfg = Debug|Any CPU
		{74F2F6C5-B749-4850-83B4-E4B94A720381}.Debug|Any CPU.Build.0 = Debug|Any CPU
		{74F2F6C5-B749-4850-83B4-E4B94A720381}.Release|Any CPU.ActiveCfg = Release|Any CPU
		{74F2F6C5-B749-4850-83B4-E4B94A720381}.Release|Any CPU.Build.0 = Release|Any CPU
	EndGlobalSection
	GlobalSection(SolutionProperties) = preSolution
		HideSolutionNode = FALSE
	EndGlobalSection
	GlobalSection(ExtensibilityGlobals) = postSolution
		SolutionGuid = {6B978BD6-9A0E-4194-9A2F-1B99CC9AFFE0}
	EndGlobalSection
EndGlobal
