
Microsoft Visual Studio Solution File, Format Version 12.00
# Visual Studio Version 16
VisualStudioVersion = 16.0.31605.320
MinimumVisualStudioVersion = 10.0.40219.1
Project("{FAE04EC0-301F-11D3-BF4B-00C04F79EFBC}") = "Entities", "Entities\Entities.csproj", "{428B82D9-97F6-40AC-97C3-8B6079C8A4F2}"
EndProject
Project("{FAE04EC0-301F-11D3-BF4B-00C04F79EFBC}") = "DataAccess", "DataAccess\DataAccess.csproj", "{44F722DF-F906-4474-9379-0E8271D7561A}"
EndProject
Global
	GlobalSection(SolutionConfigurationPlatforms) = preSolution
		Debug|Any CPU = Debug|Any CPU
		Release|Any CPU = Release|Any CPU
	EndGlobalSection
	GlobalSection(ProjectConfigurationPlatforms) = postSolution
		{428B82D9-97F6-40AC-97C3-8B6079C8A4F2}.Debug|Any CPU.ActiveCfg = Debug|Any CPU
		{428B82D9-97F6-40AC-97C3-8B6079C8A4F2}.Debug|Any CPU.Build.0 = Debug|Any CPU
		{428B82D9-97F6-40AC-97C3-8B6079C8A4F2}.Release|Any CPU.ActiveCfg = Release|Any CPU
		{428B82D9-97F6-40AC-97C3-8B6079C8A4F2}.Release|Any CPU.Build.0 = Release|Any CPU
		{44F722DF-F906-4474-9379-0E8271D7561A}.Debug|Any CPU.ActiveCfg = Debug|Any CPU
		{44F722DF-F906-4474-9379-0E8271D7561A}.Debug|Any CPU.Build.0 = Debug|Any CPU
		{44F722DF-F906-4474-9379-0E8271D7561A}.Release|Any CPU.ActiveCfg = Release|Any CPU
		{44F722DF-F906-4474-9379-0E8271D7561A}.Release|Any CPU.Build.0 = Release|Any CPU
	EndGlobalSection
	GlobalSection(SolutionProperties) = preSolution
		HideSolutionNode = FALSE
	EndGlobalSection
	GlobalSection(ExtensibilityGlobals) = postSolution
		SolutionGuid = {1DA68462-6C01-4CFD-89D2-21F771880672}
	EndGlobalSection
EndGlobal
