
Microsoft Visual Studio Solution File, Format Version 12.00
# Visual Studio Version 17
VisualStudioVersion = 17.1.32210.238
MinimumVisualStudioVersion = 10.0.40219.1
Project("{FAE04EC0-301F-11D3-BF4B-00C04F79EFBC}") = "Referencing", "Referencing\Referencing.csproj", "{B2D701B1-82FA-4186-B89F-82FF59494561}"
EndProject
Project("{2150E333-8FDC-42A3-9474-1A3956D46DE8}") = "Solution Items", "Solution Items", "{244127DE-40AE-4EDB-85CC-AB646C1F4644}"
	ProjectSection(SolutionItems) = preProject
		Readme.md = Readme.md
	EndProjectSection
EndProject
Global
	GlobalSection(SolutionConfigurationPlatforms) = preSolution
		Debug|Any CPU = Debug|Any CPU
		Release|Any CPU = Release|Any CPU
	EndGlobalSection
	GlobalSection(ProjectConfigurationPlatforms) = postSolution
		{B2D701B1-82FA-4186-B89F-82FF59494561}.Debug|Any CPU.ActiveCfg = Debug|Any CPU
		{B2D701B1-82FA-4186-B89F-82FF59494561}.Debug|Any CPU.Build.0 = Debug|Any CPU
		{B2D701B1-82FA-4186-B89F-82FF59494561}.Release|Any CPU.ActiveCfg = Release|Any CPU
		{B2D701B1-82FA-4186-B89F-82FF59494561}.Release|Any CPU.Build.0 = Release|Any CPU
	EndGlobalSection
	GlobalSection(SolutionProperties) = preSolution
		HideSolutionNode = FALSE
	EndGlobalSection
	GlobalSection(ExtensibilityGlobals) = postSolution
		SolutionGuid = {9D1A9A31-FCE8-4CD0-9848-09F742DCD0B6}
	EndGlobalSection
EndGlobal
